// !$*UTF8*$!
{
	archiveVersion = 1;
	classes = {
	};
	objectVersion = 46;
	objects = {

/* Begin PBXBuildFile section */
		A30B0D191D824E8C00C20A76 /* OrderDetailTableViewCell.swift in Sources */ = {isa = PBXBuildFile; fileRef = A30B0D171D824E8C00C20A76 /* OrderDetailTableViewCell.swift */; };
		A30B0D1A1D824E8C00C20A76 /* OrderDetailTableViewCell.xib in Resources */ = {isa = PBXBuildFile; fileRef = A30B0D181D824E8C00C20A76 /* OrderDetailTableViewCell.xib */; };
		A30B0D211D869B9400C20A76 /* OrderBuyViewController.swift in Sources */ = {isa = PBXBuildFile; fileRef = A30B0D201D869B9400C20A76 /* OrderBuyViewController.swift */; };
		A30B0D231D878D1E00C20A76 /* WebpayClient.swift in Sources */ = {isa = PBXBuildFile; fileRef = A30B0D221D878D1E00C20A76 /* WebpayClient.swift */; };
		A32B5F7A1D62E7D300608BBF /* CommonConst.swift in Sources */ = {isa = PBXBuildFile; fileRef = A32B5F791D62E7D300608BBF /* CommonConst.swift */; };
		A32B5F7C1D62E84600608BBF /* ButtonCustom.swift in Sources */ = {isa = PBXBuildFile; fileRef = A32B5F7B1D62E84600608BBF /* ButtonCustom.swift */; };
		A32B5F7F1D62EFD300608BBF /* OrderAddViewController.swift in Sources */ = {isa = PBXBuildFile; fileRef = A32B5F7E1D62EFD300608BBF /* OrderAddViewController.swift */; };
		A3436E5E1D65829F00EE1F77 /* GoogleService-Info.plist in Resources */ = {isa = PBXBuildFile; fileRef = A3436E5D1D65829F00EE1F77 /* GoogleService-Info.plist */; };
		A3436E601D658B9400EE1F77 /* OrderData.swift in Sources */ = {isa = PBXBuildFile; fileRef = A3436E5F1D658B9400EE1F77 /* OrderData.swift */; };
		A3436E631D65AE9700EE1F77 /* OrderAddThanksViewController.swift in Sources */ = {isa = PBXBuildFile; fileRef = A3436E621D65AE9700EE1F77 /* OrderAddThanksViewController.swift */; };
		A3436E661D66D66E00EE1F77 /* Main.storyboard in Resources */ = {isa = PBXBuildFile; fileRef = A3436E641D66CBE400EE1F77 /* Main.storyboard */; };
		A35532CA1D9C9FAD0046F111 /* TradeCommentAddViewController.swift in Sources */ = {isa = PBXBuildFile; fileRef = A35532C91D9C9FAD0046F111 /* TradeCommentAddViewController.swift */; };
		A3555B7D1D7D57BB009709FB /* Comment.storyboard in Resources */ = {isa = PBXBuildFile; fileRef = A3555B7C1D7D57BB009709FB /* Comment.storyboard */; };
		A3555B7F1D7D5A97009709FB /* OrderCommentAddViewController.swift in Sources */ = {isa = PBXBuildFile; fileRef = A3555B7E1D7D5A97009709FB /* OrderCommentAddViewController.swift */; };
		A38F1CBF1D892220005C09C7 /* KeyConst.swift in Sources */ = {isa = PBXBuildFile; fileRef = A38F1CBE1D892220005C09C7 /* KeyConst.swift */; };
		A38F1CC11D892F0B005C09C7 /* TradeBuyDetailViewController.swift in Sources */ = {isa = PBXBuildFile; fileRef = A38F1CC01D892F0B005C09C7 /* TradeBuyDetailViewController.swift */; };
		A38F1CC31D892F5A005C09C7 /* Trade.storyboard in Resources */ = {isa = PBXBuildFile; fileRef = A38F1CC21D892F5A005C09C7 /* Trade.storyboard */; };
		A38F1CCD1D90E359005C09C7 /* libc++.tbd in Frameworks */ = {isa = PBXBuildFile; fileRef = A38F1CCC1D90E359005C09C7 /* libc++.tbd */; };
		A38F1CCF1D90E36B005C09C7 /* libz.tbd in Frameworks */ = {isa = PBXBuildFile; fileRef = A38F1CCE1D90E36B005C09C7 /* libz.tbd */; };
		A38F1CD11D90E379005C09C7 /* libz.1.2.5.tbd in Frameworks */ = {isa = PBXBuildFile; fileRef = A38F1CD01D90E379005C09C7 /* libz.1.2.5.tbd */; };
		A38F1CD31D90E388005C09C7 /* libsqlite3.0.tbd in Frameworks */ = {isa = PBXBuildFile; fileRef = A38F1CD21D90E388005C09C7 /* libsqlite3.0.tbd */; };
		A38F1CD51D90E392005C09C7 /* MobileCoreServices.framework in Frameworks */ = {isa = PBXBuildFile; fileRef = A38F1CD41D90E392005C09C7 /* MobileCoreServices.framework */; };
		A38F1CD71D90E39C005C09C7 /* SystemConfiguration.framework in Frameworks */ = {isa = PBXBuildFile; fileRef = A38F1CD61D90E39C005C09C7 /* SystemConfiguration.framework */; };
		A38F1CD91D90E3A6005C09C7 /* Accelerate.framework in Frameworks */ = {isa = PBXBuildFile; fileRef = A38F1CD81D90E3A6005C09C7 /* Accelerate.framework */; };
		A38F1CDB1D90E3AE005C09C7 /* CoreData.framework in Frameworks */ = {isa = PBXBuildFile; fileRef = A38F1CDA1D90E3AE005C09C7 /* CoreData.framework */; };
		A38F1CDD1D90E3B6005C09C7 /* MessageUI.framework in Frameworks */ = {isa = PBXBuildFile; fileRef = A38F1CDC1D90E3B6005C09C7 /* MessageUI.framework */; };
		A38F1CDF1D90E3BD005C09C7 /* OpenGLES.framework in Frameworks */ = {isa = PBXBuildFile; fileRef = A38F1CDE1D90E3BD005C09C7 /* OpenGLES.framework */; };
		A38F1CE11D90E3C5005C09C7 /* QuartzCore.framework in Frameworks */ = {isa = PBXBuildFile; fileRef = A38F1CE01D90E3C5005C09C7 /* QuartzCore.framework */; };
		A38F1CE31D90E3CB005C09C7 /* StoreKit.framework in Frameworks */ = {isa = PBXBuildFile; fileRef = A38F1CE21D90E3CB005C09C7 /* StoreKit.framework */; };
		A38F1CE61D9108A4005C09C7 /* ImageSelectViewController.swift in Sources */ = {isa = PBXBuildFile; fileRef = A38F1CE51D9108A4005C09C7 /* ImageSelectViewController.swift */; };
		A39060981DA4C39200C07515 /* HelpViewController.swift in Sources */ = {isa = PBXBuildFile; fileRef = A39060971DA4C39200C07515 /* HelpViewController.swift */; };
		A391E58D1D88EC5000937B32 /* OrderBuyThanksViewController.swift in Sources */ = {isa = PBXBuildFile; fileRef = A391E58C1D88EC5000937B32 /* OrderBuyThanksViewController.swift */; };
		A3A404E51D6D8F6F0061DDB2 /* TradeBuyIndexViewController.swift in Sources */ = {isa = PBXBuildFile; fileRef = A3A404E41D6D8F6F0061DDB2 /* TradeBuyIndexViewController.swift */; };
		A3A404EC1D6E93DE0061DDB2 /* TradeBuyIndexCell.swift in Sources */ = {isa = PBXBuildFile; fileRef = A3A404EA1D6E93DE0061DDB2 /* TradeBuyIndexCell.swift */; };
		A3A404ED1D6E93DE0061DDB2 /* TradeBuyIndexCell.xib in Resources */ = {isa = PBXBuildFile; fileRef = A3A404EB1D6E93DE0061DDB2 /* TradeBuyIndexCell.xib */; };
		A3A404F61D7008110061DDB2 /* TradeBuyTableViewController.swift in Sources */ = {isa = PBXBuildFile; fileRef = A3A404F41D7008110061DDB2 /* TradeBuyTableViewController.swift */; };
		A3A404F91D703FA10061DDB2 /* OrderIndexCollectionViewController.swift in Sources */ = {isa = PBXBuildFile; fileRef = A3A404F81D703FA10061DDB2 /* OrderIndexCollectionViewController.swift */; };
		A3A404FB1D74300D0061DDB2 /* UserLoginViewController.swift in Sources */ = {isa = PBXBuildFile; fileRef = A3A404FA1D74300D0061DDB2 /* UserLoginViewController.swift */; };
		A3A404FD1D7430210061DDB2 /* User.storyboard in Resources */ = {isa = PBXBuildFile; fileRef = A3A404FC1D7430210061DDB2 /* User.storyboard */; };
		A3B2AE971D7FB29C004D1CD8 /* FontAwesome.otf in Resources */ = {isa = PBXBuildFile; fileRef = A3B2AE961D7FB29C004D1CD8 /* FontAwesome.otf */; };
		A3B2AE9A1D7FBCCC004D1CD8 /* CommentTableViewCell.swift in Sources */ = {isa = PBXBuildFile; fileRef = A3B2AE981D7FBCCC004D1CD8 /* CommentTableViewCell.swift */; };
		A3B2AE9B1D7FBCCC004D1CD8 /* CommentTableViewCell.xib in Resources */ = {isa = PBXBuildFile; fileRef = A3B2AE991D7FBCCC004D1CD8 /* CommentTableViewCell.xib */; };
		A3B2AE9D1D7FE684004D1CD8 /* CommentData.swift in Sources */ = {isa = PBXBuildFile; fileRef = A3B2AE9C1D7FE684004D1CD8 /* CommentData.swift */; };
		A3CA8BC21D6BE19200397DBC /* LeftMenuViewController.swift in Sources */ = {isa = PBXBuildFile; fileRef = A3CA8BC11D6BE19200397DBC /* LeftMenuViewController.swift */; };
		A3CD058F1D77C6A500E969FC /* OrderDetailViewController.swift in Sources */ = {isa = PBXBuildFile; fileRef = A3CD058E1D77C6A500E969FC /* OrderDetailViewController.swift */; };
		A3DF4C0F1D94B9FB00603A6D /* AdobeCreativeSDKCore.framework in Frameworks */ = {isa = PBXBuildFile; fileRef = A3DF4C0B1D94B9FB00603A6D /* AdobeCreativeSDKCore.framework */; };
		A3DF4C101D94B9FB00603A6D /* AdobeCreativeSDKCoreResources.bundle in Resources */ = {isa = PBXBuildFile; fileRef = A3DF4C0C1D94B9FB00603A6D /* AdobeCreativeSDKCoreResources.bundle */; };
		A3DF4C111D94B9FB00603A6D /* AdobeCreativeSDKImage.framework in Frameworks */ = {isa = PBXBuildFile; fileRef = A3DF4C0D1D94B9FB00603A6D /* AdobeCreativeSDKImage.framework */; };
		A3DF4C121D94B9FB00603A6D /* AdobeCreativeSDKImageResources.bundle in Resources */ = {isa = PBXBuildFile; fileRef = A3DF4C0E1D94B9FB00603A6D /* AdobeCreativeSDKImageResources.bundle */; };
		A3F74A501D98FB5E000A9720 /* TradeSellIndexViewController.swift in Sources */ = {isa = PBXBuildFile; fileRef = A3F74A4F1D98FB5E000A9720 /* TradeSellIndexViewController.swift */; };
		A3F74A521D98FC30000A9720 /* TradeSellTableViewController.swift in Sources */ = {isa = PBXBuildFile; fileRef = A3F74A511D98FC30000A9720 /* TradeSellTableViewController.swift */; };
		A3F74A551D98FC56000A9720 /* TradeSellIndexCell.swift in Sources */ = {isa = PBXBuildFile; fileRef = A3F74A531D98FC56000A9720 /* TradeSellIndexCell.swift */; };
		A3F74A561D98FC56000A9720 /* TradeSellIndexCell.xib in Resources */ = {isa = PBXBuildFile; fileRef = A3F74A541D98FC56000A9720 /* TradeSellIndexCell.xib */; };
		A3F74A581D98FC79000A9720 /* TradeSellDetailViewController.swift in Sources */ = {isa = PBXBuildFile; fileRef = A3F74A571D98FC79000A9720 /* TradeSellDetailViewController.swift */; };
		A3FB36271D62D26700EFB7C4 /* AppDelegate.swift in Sources */ = {isa = PBXBuildFile; fileRef = A3FB36261D62D26700EFB7C4 /* AppDelegate.swift */; };
		A3FB36291D62D26700EFB7C4 /* ViewController.swift in Sources */ = {isa = PBXBuildFile; fileRef = A3FB36281D62D26700EFB7C4 /* ViewController.swift */; };
		A3FB362C1D62D26700EFB7C4 /* Order.storyboard in Resources */ = {isa = PBXBuildFile; fileRef = A3FB362A1D62D26700EFB7C4 /* Order.storyboard */; };
		A3FB362E1D62D26700EFB7C4 /* Assets.xcassets in Resources */ = {isa = PBXBuildFile; fileRef = A3FB362D1D62D26700EFB7C4 /* Assets.xcassets */; };
		A3FB36311D62D26700EFB7C4 /* LaunchScreen.storyboard in Resources */ = {isa = PBXBuildFile; fileRef = A3FB362F1D62D26700EFB7C4 /* LaunchScreen.storyboard */; };
		A3FB363F1D62DEDD00EFB7C4 /* OrderIndexViewController.swift in Sources */ = {isa = PBXBuildFile; fileRef = A3FB363E1D62DEDD00EFB7C4 /* OrderIndexViewController.swift */; };
		A3FB36431D62DF9B00EFB7C4 /* AppController.swift in Sources */ = {isa = PBXBuildFile; fileRef = A3FB36421D62DF9B00EFB7C4 /* AppController.swift */; };
		FC463A060400DEBBB1844B2E /* Pods_SimpleMarket.framework in Frameworks */ = {isa = PBXBuildFile; fileRef = 98BD852A395E2BD9D57DF6A2 /* Pods_SimpleMarket.framework */; };
/* End PBXBuildFile section */

/* Begin PBXFileReference section */
		27C6FCB2F88DB2B75EEB7E05 /* Pods-SimpleMarket.release.xcconfig */ = {isa = PBXFileReference; includeInIndex = 1; lastKnownFileType = text.xcconfig; name = "Pods-SimpleMarket.release.xcconfig"; path = "Pods/Target Support Files/Pods-SimpleMarket/Pods-SimpleMarket.release.xcconfig"; sourceTree = "<group>"; };
		98BD852A395E2BD9D57DF6A2 /* Pods_SimpleMarket.framework */ = {isa = PBXFileReference; explicitFileType = wrapper.framework; includeInIndex = 0; path = Pods_SimpleMarket.framework; sourceTree = BUILT_PRODUCTS_DIR; };
		A30B0D171D824E8C00C20A76 /* OrderDetailTableViewCell.swift */ = {isa = PBXFileReference; fileEncoding = 4; lastKnownFileType = sourcecode.swift; path = OrderDetailTableViewCell.swift; sourceTree = "<group>"; };
		A30B0D181D824E8C00C20A76 /* OrderDetailTableViewCell.xib */ = {isa = PBXFileReference; fileEncoding = 4; lastKnownFileType = file.xib; path = OrderDetailTableViewCell.xib; sourceTree = "<group>"; };
		A30B0D201D869B9400C20A76 /* OrderBuyViewController.swift */ = {isa = PBXFileReference; fileEncoding = 4; lastKnownFileType = sourcecode.swift; path = OrderBuyViewController.swift; sourceTree = "<group>"; };
		A30B0D221D878D1E00C20A76 /* WebpayClient.swift */ = {isa = PBXFileReference; fileEncoding = 4; lastKnownFileType = sourcecode.swift; path = WebpayClient.swift; sourceTree = "<group>"; };
		A32B5F791D62E7D300608BBF /* CommonConst.swift */ = {isa = PBXFileReference; fileEncoding = 4; lastKnownFileType = sourcecode.swift; path = CommonConst.swift; sourceTree = "<group>"; };
		A32B5F7B1D62E84600608BBF /* ButtonCustom.swift */ = {isa = PBXFileReference; fileEncoding = 4; lastKnownFileType = sourcecode.swift; path = ButtonCustom.swift; sourceTree = "<group>"; };
		A32B5F7E1D62EFD300608BBF /* OrderAddViewController.swift */ = {isa = PBXFileReference; fileEncoding = 4; lastKnownFileType = sourcecode.swift; path = OrderAddViewController.swift; sourceTree = "<group>"; };
		A3436E5D1D65829F00EE1F77 /* GoogleService-Info.plist */ = {isa = PBXFileReference; fileEncoding = 4; lastKnownFileType = text.plist.xml; path = "GoogleService-Info.plist"; sourceTree = "<group>"; };
		A3436E5F1D658B9400EE1F77 /* OrderData.swift */ = {isa = PBXFileReference; fileEncoding = 4; lastKnownFileType = sourcecode.swift; path = OrderData.swift; sourceTree = "<group>"; };
		A3436E621D65AE9700EE1F77 /* OrderAddThanksViewController.swift */ = {isa = PBXFileReference; fileEncoding = 4; lastKnownFileType = sourcecode.swift; path = OrderAddThanksViewController.swift; sourceTree = "<group>"; };
		A3436E641D66CBE400EE1F77 /* Main.storyboard */ = {isa = PBXFileReference; fileEncoding = 4; lastKnownFileType = file.storyboard; path = Main.storyboard; sourceTree = "<group>"; };
		A35532C91D9C9FAD0046F111 /* TradeCommentAddViewController.swift */ = {isa = PBXFileReference; fileEncoding = 4; lastKnownFileType = sourcecode.swift; path = TradeCommentAddViewController.swift; sourceTree = "<group>"; };
		A3555B7C1D7D57BB009709FB /* Comment.storyboard */ = {isa = PBXFileReference; fileEncoding = 4; lastKnownFileType = file.storyboard; path = Comment.storyboard; sourceTree = "<group>"; };
		A3555B7E1D7D5A97009709FB /* OrderCommentAddViewController.swift */ = {isa = PBXFileReference; fileEncoding = 4; lastKnownFileType = sourcecode.swift; path = OrderCommentAddViewController.swift; sourceTree = "<group>"; };
		A38F1CBE1D892220005C09C7 /* KeyConst.swift */ = {isa = PBXFileReference; fileEncoding = 4; lastKnownFileType = sourcecode.swift; path = KeyConst.swift; sourceTree = "<group>"; };
		A38F1CC01D892F0B005C09C7 /* TradeBuyDetailViewController.swift */ = {isa = PBXFileReference; fileEncoding = 4; lastKnownFileType = sourcecode.swift; path = TradeBuyDetailViewController.swift; sourceTree = "<group>"; };
		A38F1CC21D892F5A005C09C7 /* Trade.storyboard */ = {isa = PBXFileReference; fileEncoding = 4; lastKnownFileType = file.storyboard; path = Trade.storyboard; sourceTree = "<group>"; };
		A38F1CCC1D90E359005C09C7 /* libc++.tbd */ = {isa = PBXFileReference; lastKnownFileType = "sourcecode.text-based-dylib-definition"; name = "libc++.tbd"; path = "usr/lib/libc++.tbd"; sourceTree = SDKROOT; };
		A38F1CCE1D90E36B005C09C7 /* libz.tbd */ = {isa = PBXFileReference; lastKnownFileType = "sourcecode.text-based-dylib-definition"; name = libz.tbd; path = usr/lib/libz.tbd; sourceTree = SDKROOT; };
		A38F1CD01D90E379005C09C7 /* libz.1.2.5.tbd */ = {isa = PBXFileReference; lastKnownFileType = "sourcecode.text-based-dylib-definition"; name = libz.1.2.5.tbd; path = usr/lib/libz.1.2.5.tbd; sourceTree = SDKROOT; };
		A38F1CD21D90E388005C09C7 /* libsqlite3.0.tbd */ = {isa = PBXFileReference; lastKnownFileType = "sourcecode.text-based-dylib-definition"; name = libsqlite3.0.tbd; path = usr/lib/libsqlite3.0.tbd; sourceTree = SDKROOT; };
		A38F1CD41D90E392005C09C7 /* MobileCoreServices.framework */ = {isa = PBXFileReference; lastKnownFileType = wrapper.framework; name = MobileCoreServices.framework; path = System/Library/Frameworks/MobileCoreServices.framework; sourceTree = SDKROOT; };
		A38F1CD61D90E39C005C09C7 /* SystemConfiguration.framework */ = {isa = PBXFileReference; lastKnownFileType = wrapper.framework; name = SystemConfiguration.framework; path = System/Library/Frameworks/SystemConfiguration.framework; sourceTree = SDKROOT; };
		A38F1CD81D90E3A6005C09C7 /* Accelerate.framework */ = {isa = PBXFileReference; lastKnownFileType = wrapper.framework; name = Accelerate.framework; path = System/Library/Frameworks/Accelerate.framework; sourceTree = SDKROOT; };
		A38F1CDA1D90E3AE005C09C7 /* CoreData.framework */ = {isa = PBXFileReference; lastKnownFileType = wrapper.framework; name = CoreData.framework; path = System/Library/Frameworks/CoreData.framework; sourceTree = SDKROOT; };
		A38F1CDC1D90E3B6005C09C7 /* MessageUI.framework */ = {isa = PBXFileReference; lastKnownFileType = wrapper.framework; name = MessageUI.framework; path = System/Library/Frameworks/MessageUI.framework; sourceTree = SDKROOT; };
		A38F1CDE1D90E3BD005C09C7 /* OpenGLES.framework */ = {isa = PBXFileReference; lastKnownFileType = wrapper.framework; name = OpenGLES.framework; path = System/Library/Frameworks/OpenGLES.framework; sourceTree = SDKROOT; };
		A38F1CE01D90E3C5005C09C7 /* QuartzCore.framework */ = {isa = PBXFileReference; lastKnownFileType = wrapper.framework; name = QuartzCore.framework; path = System/Library/Frameworks/QuartzCore.framework; sourceTree = SDKROOT; };
		A38F1CE21D90E3CB005C09C7 /* StoreKit.framework */ = {isa = PBXFileReference; lastKnownFileType = wrapper.framework; name = StoreKit.framework; path = System/Library/Frameworks/StoreKit.framework; sourceTree = SDKROOT; };
		A38F1CE41D90FC37005C09C7 /* SimpleMarket-Bridging-Header.h */ = {isa = PBXFileReference; lastKnownFileType = sourcecode.c.h; path = "SimpleMarket-Bridging-Header.h"; sourceTree = "<group>"; };
		A38F1CE51D9108A4005C09C7 /* ImageSelectViewController.swift */ = {isa = PBXFileReference; fileEncoding = 4; lastKnownFileType = sourcecode.swift; path = ImageSelectViewController.swift; sourceTree = "<group>"; };
		A39060971DA4C39200C07515 /* HelpViewController.swift */ = {isa = PBXFileReference; fileEncoding = 4; lastKnownFileType = sourcecode.swift; path = HelpViewController.swift; sourceTree = "<group>"; };
		A391E58C1D88EC5000937B32 /* OrderBuyThanksViewController.swift */ = {isa = PBXFileReference; fileEncoding = 4; lastKnownFileType = sourcecode.swift; path = OrderBuyThanksViewController.swift; sourceTree = "<group>"; };
		A3A404E41D6D8F6F0061DDB2 /* TradeBuyIndexViewController.swift */ = {isa = PBXFileReference; fileEncoding = 4; lastKnownFileType = sourcecode.swift; path = TradeBuyIndexViewController.swift; sourceTree = "<group>"; };
		A3A404EA1D6E93DE0061DDB2 /* TradeBuyIndexCell.swift */ = {isa = PBXFileReference; fileEncoding = 4; lastKnownFileType = sourcecode.swift; path = TradeBuyIndexCell.swift; sourceTree = "<group>"; };
		A3A404EB1D6E93DE0061DDB2 /* TradeBuyIndexCell.xib */ = {isa = PBXFileReference; fileEncoding = 4; lastKnownFileType = file.xib; path = TradeBuyIndexCell.xib; sourceTree = "<group>"; };
		A3A404F41D7008110061DDB2 /* TradeBuyTableViewController.swift */ = {isa = PBXFileReference; fileEncoding = 4; lastKnownFileType = sourcecode.swift; path = TradeBuyTableViewController.swift; sourceTree = "<group>"; };
		A3A404F81D703FA10061DDB2 /* OrderIndexCollectionViewController.swift */ = {isa = PBXFileReference; fileEncoding = 4; lastKnownFileType = sourcecode.swift; path = OrderIndexCollectionViewController.swift; sourceTree = "<group>"; };
		A3A404FA1D74300D0061DDB2 /* UserLoginViewController.swift */ = {isa = PBXFileReference; fileEncoding = 4; lastKnownFileType = sourcecode.swift; path = UserLoginViewController.swift; sourceTree = "<group>"; };
		A3A404FC1D7430210061DDB2 /* User.storyboard */ = {isa = PBXFileReference; fileEncoding = 4; lastKnownFileType = file.storyboard; path = User.storyboard; sourceTree = "<group>"; };
		A3B2AE961D7FB29C004D1CD8 /* FontAwesome.otf */ = {isa = PBXFileReference; lastKnownFileType = file; path = FontAwesome.otf; sourceTree = "<group>"; };
		A3B2AE981D7FBCCC004D1CD8 /* CommentTableViewCell.swift */ = {isa = PBXFileReference; fileEncoding = 4; lastKnownFileType = sourcecode.swift; path = CommentTableViewCell.swift; sourceTree = "<group>"; };
		A3B2AE991D7FBCCC004D1CD8 /* CommentTableViewCell.xib */ = {isa = PBXFileReference; fileEncoding = 4; lastKnownFileType = file.xib; path = CommentTableViewCell.xib; sourceTree = "<group>"; };
		A3B2AE9C1D7FE684004D1CD8 /* CommentData.swift */ = {isa = PBXFileReference; fileEncoding = 4; lastKnownFileType = sourcecode.swift; path = CommentData.swift; sourceTree = "<group>"; };
		A3CA8BC11D6BE19200397DBC /* LeftMenuViewController.swift */ = {isa = PBXFileReference; fileEncoding = 4; lastKnownFileType = sourcecode.swift; path = LeftMenuViewController.swift; sourceTree = "<group>"; };
		A3CD058E1D77C6A500E969FC /* OrderDetailViewController.swift */ = {isa = PBXFileReference; fileEncoding = 4; lastKnownFileType = sourcecode.swift; path = OrderDetailViewController.swift; sourceTree = "<group>"; };
		A3DF4C0B1D94B9FB00603A6D /* AdobeCreativeSDKCore.framework */ = {isa = PBXFileReference; lastKnownFileType = wrapper.framework; path = AdobeCreativeSDKCore.framework; sourceTree = "<group>"; };
		A3DF4C0C1D94B9FB00603A6D /* AdobeCreativeSDKCoreResources.bundle */ = {isa = PBXFileReference; lastKnownFileType = "wrapper.plug-in"; path = AdobeCreativeSDKCoreResources.bundle; sourceTree = "<group>"; };
		A3DF4C0D1D94B9FB00603A6D /* AdobeCreativeSDKImage.framework */ = {isa = PBXFileReference; lastKnownFileType = wrapper.framework; path = AdobeCreativeSDKImage.framework; sourceTree = "<group>"; };
		A3DF4C0E1D94B9FB00603A6D /* AdobeCreativeSDKImageResources.bundle */ = {isa = PBXFileReference; lastKnownFileType = "wrapper.plug-in"; path = AdobeCreativeSDKImageResources.bundle; sourceTree = "<group>"; };
		A3F74A4F1D98FB5E000A9720 /* TradeSellIndexViewController.swift */ = {isa = PBXFileReference; fileEncoding = 4; lastKnownFileType = sourcecode.swift; path = TradeSellIndexViewController.swift; sourceTree = "<group>"; };
		A3F74A511D98FC30000A9720 /* TradeSellTableViewController.swift */ = {isa = PBXFileReference; fileEncoding = 4; lastKnownFileType = sourcecode.swift; path = TradeSellTableViewController.swift; sourceTree = "<group>"; };
		A3F74A531D98FC56000A9720 /* TradeSellIndexCell.swift */ = {isa = PBXFileReference; fileEncoding = 4; lastKnownFileType = sourcecode.swift; path = TradeSellIndexCell.swift; sourceTree = "<group>"; };
		A3F74A541D98FC56000A9720 /* TradeSellIndexCell.xib */ = {isa = PBXFileReference; fileEncoding = 4; lastKnownFileType = file.xib; path = TradeSellIndexCell.xib; sourceTree = "<group>"; };
		A3F74A571D98FC79000A9720 /* TradeSellDetailViewController.swift */ = {isa = PBXFileReference; fileEncoding = 4; lastKnownFileType = sourcecode.swift; path = TradeSellDetailViewController.swift; sourceTree = "<group>"; };
		A3FB36231D62D26700EFB7C4 /* SimpleMarket.app */ = {isa = PBXFileReference; explicitFileType = wrapper.application; includeInIndex = 0; path = SimpleMarket.app; sourceTree = BUILT_PRODUCTS_DIR; };
		A3FB36261D62D26700EFB7C4 /* AppDelegate.swift */ = {isa = PBXFileReference; lastKnownFileType = sourcecode.swift; path = AppDelegate.swift; sourceTree = "<group>"; };
		A3FB36281D62D26700EFB7C4 /* ViewController.swift */ = {isa = PBXFileReference; lastKnownFileType = sourcecode.swift; path = ViewController.swift; sourceTree = "<group>"; };
		A3FB362B1D62D26700EFB7C4 /* Base */ = {isa = PBXFileReference; lastKnownFileType = file.storyboard; name = Base; path = Base.lproj/Order.storyboard; sourceTree = "<group>"; };
		A3FB362D1D62D26700EFB7C4 /* Assets.xcassets */ = {isa = PBXFileReference; lastKnownFileType = folder.assetcatalog; path = Assets.xcassets; sourceTree = "<group>"; };
		A3FB36301D62D26700EFB7C4 /* Base */ = {isa = PBXFileReference; lastKnownFileType = file.storyboard; name = Base; path = Base.lproj/LaunchScreen.storyboard; sourceTree = "<group>"; };
		A3FB36321D62D26700EFB7C4 /* Info.plist */ = {isa = PBXFileReference; lastKnownFileType = text.plist.xml; path = Info.plist; sourceTree = "<group>"; };
		A3FB363E1D62DEDD00EFB7C4 /* OrderIndexViewController.swift */ = {isa = PBXFileReference; fileEncoding = 4; lastKnownFileType = sourcecode.swift; path = OrderIndexViewController.swift; sourceTree = "<group>"; };
		A3FB36421D62DF9B00EFB7C4 /* AppController.swift */ = {isa = PBXFileReference; fileEncoding = 4; lastKnownFileType = sourcecode.swift; path = AppController.swift; sourceTree = "<group>"; };
		E42861653C1233EB0DBBA2FF /* Pods-SimpleMarket.debug.xcconfig */ = {isa = PBXFileReference; includeInIndex = 1; lastKnownFileType = text.xcconfig; name = "Pods-SimpleMarket.debug.xcconfig"; path = "Pods/Target Support Files/Pods-SimpleMarket/Pods-SimpleMarket.debug.xcconfig"; sourceTree = "<group>"; };
/* End PBXFileReference section */

/* Begin PBXFrameworksBuildPhase section */
		A3FB36201D62D26700EFB7C4 /* Frameworks */ = {
			isa = PBXFrameworksBuildPhase;
			buildActionMask = 2147483647;
			files = (
				A38F1CDD1D90E3B6005C09C7 /* MessageUI.framework in Frameworks */,
				A38F1CE31D90E3CB005C09C7 /* StoreKit.framework in Frameworks */,
				A38F1CE11D90E3C5005C09C7 /* QuartzCore.framework in Frameworks */,
				A38F1CDF1D90E3BD005C09C7 /* OpenGLES.framework in Frameworks */,
				A38F1CDB1D90E3AE005C09C7 /* CoreData.framework in Frameworks */,
				A3DF4C0F1D94B9FB00603A6D /* AdobeCreativeSDKCore.framework in Frameworks */,
				A38F1CD91D90E3A6005C09C7 /* Accelerate.framework in Frameworks */,
				A38F1CD71D90E39C005C09C7 /* SystemConfiguration.framework in Frameworks */,
				A38F1CD51D90E392005C09C7 /* MobileCoreServices.framework in Frameworks */,
				A38F1CD31D90E388005C09C7 /* libsqlite3.0.tbd in Frameworks */,
				A38F1CD11D90E379005C09C7 /* libz.1.2.5.tbd in Frameworks */,
				A38F1CCF1D90E36B005C09C7 /* libz.tbd in Frameworks */,
				A38F1CCD1D90E359005C09C7 /* libc++.tbd in Frameworks */,
				A3DF4C111D94B9FB00603A6D /* AdobeCreativeSDKImage.framework in Frameworks */,
				FC463A060400DEBBB1844B2E /* Pods_SimpleMarket.framework in Frameworks */,
			);
			runOnlyForDeploymentPostprocessing = 0;
		};
/* End PBXFrameworksBuildPhase section */

/* Begin PBXGroup section */
		1B3E7EE70C3C740D36291861 /* Pods */ = {
			isa = PBXGroup;
			children = (
				E42861653C1233EB0DBBA2FF /* Pods-SimpleMarket.debug.xcconfig */,
				27C6FCB2F88DB2B75EEB7E05 /* Pods-SimpleMarket.release.xcconfig */,
			);
			name = Pods;
			sourceTree = "<group>";
		};
		A30B0D1B1D824FF200C20A76 /* Comments */ = {
			isa = PBXGroup;
			children = (
				A3555B7C1D7D57BB009709FB /* Comment.storyboard */,
				A3B2AE991D7FBCCC004D1CD8 /* CommentTableViewCell.xib */,
				A30B0D181D824E8C00C20A76 /* OrderDetailTableViewCell.xib */,
			);
			name = Comments;
			sourceTree = "<group>";
		};
		A30B0D1C1D82501100C20A76 /* Orders */ = {
			isa = PBXGroup;
			children = (
				A3FB362A1D62D26700EFB7C4 /* Order.storyboard */,
			);
			name = Orders;
			sourceTree = "<group>";
		};
		A30B0D1D1D82504400C20A76 /* Users */ = {
			isa = PBXGroup;
			children = (
				A3A404FC1D7430210061DDB2 /* User.storyboard */,
			);
			name = Users;
			sourceTree = "<group>";
		};
		A32B5F7D1D62E8E400608BBF /* Config */ = {
			isa = PBXGroup;
			children = (
				A32B5F791D62E7D300608BBF /* CommonConst.swift */,
				A38F1CBE1D892220005C09C7 /* KeyConst.swift */,
				A32B5F7B1D62E84600608BBF /* ButtonCustom.swift */,
			);
			name = Config;
			sourceTree = "<group>";
		};
		A3436E611D658BA500EE1F77 /* Model */ = {
			isa = PBXGroup;
			children = (
				A3436E5F1D658B9400EE1F77 /* OrderData.swift */,
				A3B2AE9C1D7FE684004D1CD8 /* CommentData.swift */,
			);
			name = Model;
			sourceTree = "<group>";
		};
		A3555B801D7D5AA2009709FB /* Comment */ = {
			isa = PBXGroup;
			children = (
				A3555B7E1D7D5A97009709FB /* OrderCommentAddViewController.swift */,
				A35532C91D9C9FAD0046F111 /* TradeCommentAddViewController.swift */,
				A3B2AE981D7FBCCC004D1CD8 /* CommentTableViewCell.swift */,
				A30B0D171D824E8C00C20A76 /* OrderDetailTableViewCell.swift */,
			);
			name = Comment;
			sourceTree = "<group>";
		};
		A3CD058C1D766C0900E969FC /* Orders */ = {
			isa = PBXGroup;
			children = (
				A3FB363E1D62DEDD00EFB7C4 /* OrderIndexViewController.swift */,
				A3A404F81D703FA10061DDB2 /* OrderIndexCollectionViewController.swift */,
				A3CD058E1D77C6A500E969FC /* OrderDetailViewController.swift */,
				A30B0D201D869B9400C20A76 /* OrderBuyViewController.swift */,
				A391E58C1D88EC5000937B32 /* OrderBuyThanksViewController.swift */,
				A32B5F7E1D62EFD300608BBF /* OrderAddViewController.swift */,
				A3436E621D65AE9700EE1F77 /* OrderAddThanksViewController.swift */,
				A38F1CE51D9108A4005C09C7 /* ImageSelectViewController.swift */,
			);
			name = Orders;
			sourceTree = "<group>";
		};
		A3CD058D1D766C7700E969FC /* Users */ = {
			isa = PBXGroup;
			children = (
				A3A404FA1D74300D0061DDB2 /* UserLoginViewController.swift */,
			);
			name = Users;
			sourceTree = "<group>";
		};
		A3D48F991D927FE7000BD928 /* Trade */ = {
			isa = PBXGroup;
			children = (
				A3A404E41D6D8F6F0061DDB2 /* TradeBuyIndexViewController.swift */,
				A3F74A4F1D98FB5E000A9720 /* TradeSellIndexViewController.swift */,
				A3A404F41D7008110061DDB2 /* TradeBuyTableViewController.swift */,
				A3F74A511D98FC30000A9720 /* TradeSellTableViewController.swift */,
				A3A404EA1D6E93DE0061DDB2 /* TradeBuyIndexCell.swift */,
				A3F74A531D98FC56000A9720 /* TradeSellIndexCell.swift */,
				A38F1CC01D892F0B005C09C7 /* TradeBuyDetailViewController.swift */,
				A3F74A571D98FC79000A9720 /* TradeSellDetailViewController.swift */,
			);
			name = Trade;
			sourceTree = "<group>";
		};
		A3DF4C131D94F7BF00603A6D /* Trade */ = {
			isa = PBXGroup;
			children = (
				A38F1CC21D892F5A005C09C7 /* Trade.storyboard */,
				A3A404EB1D6E93DE0061DDB2 /* TradeBuyIndexCell.xib */,
				A3F74A541D98FC56000A9720 /* TradeSellIndexCell.xib */,
			);
			name = Trade;
			sourceTree = "<group>";
		};
		A3FB361A1D62D26700EFB7C4 = {
			isa = PBXGroup;
			children = (
				A3DF4C0B1D94B9FB00603A6D /* AdobeCreativeSDKCore.framework */,
				A3DF4C0C1D94B9FB00603A6D /* AdobeCreativeSDKCoreResources.bundle */,
				A3DF4C0D1D94B9FB00603A6D /* AdobeCreativeSDKImage.framework */,
				A3DF4C0E1D94B9FB00603A6D /* AdobeCreativeSDKImageResources.bundle */,
				A3FB36251D62D26700EFB7C4 /* SimpleMarket */,
				A3FB36241D62D26700EFB7C4 /* Products */,
				1B3E7EE70C3C740D36291861 /* Pods */,
				BA366FE96756250B122F1F6A /* Frameworks */,
			);
			sourceTree = "<group>";
		};
		A3FB36241D62D26700EFB7C4 /* Products */ = {
			isa = PBXGroup;
			children = (
				A3FB36231D62D26700EFB7C4 /* SimpleMarket.app */,
			);
			name = Products;
			sourceTree = "<group>";
		};
		A3FB36251D62D26700EFB7C4 /* SimpleMarket */ = {
			isa = PBXGroup;
			children = (
				A32B5F7D1D62E8E400608BBF /* Config */,
				A3FB36411D62DF2D00EFB7C4 /* Controller */,
				A3436E611D658BA500EE1F77 /* Model */,
				A3FB36401D62DF2100EFB7C4 /* View */,
				A3FB362D1D62D26700EFB7C4 /* Assets.xcassets */,
				A3FB36321D62D26700EFB7C4 /* Info.plist */,
				A3436E5D1D65829F00EE1F77 /* GoogleService-Info.plist */,
				A3B2AE961D7FB29C004D1CD8 /* FontAwesome.otf */,
				A38F1CE41D90FC37005C09C7 /* SimpleMarket-Bridging-Header.h */,
			);
			path = SimpleMarket;
			sourceTree = "<group>";
		};
		A3FB36401D62DF2100EFB7C4 /* View */ = {
			isa = PBXGroup;
			children = (
				A3FB362F1D62D26700EFB7C4 /* LaunchScreen.storyboard */,
				A3436E641D66CBE400EE1F77 /* Main.storyboard */,
				A30B0D1C1D82501100C20A76 /* Orders */,
				A3DF4C131D94F7BF00603A6D /* Trade */,
				A30B0D1D1D82504400C20A76 /* Users */,
				A30B0D1B1D824FF200C20A76 /* Comments */,
			);
			name = View;
			sourceTree = "<group>";
		};
		A3FB36411D62DF2D00EFB7C4 /* Controller */ = {
			isa = PBXGroup;
			children = (
				A3FB36261D62D26700EFB7C4 /* AppDelegate.swift */,
				A3FB36421D62DF9B00EFB7C4 /* AppController.swift */,
				A3CA8BC11D6BE19200397DBC /* LeftMenuViewController.swift */,
				A3FB36281D62D26700EFB7C4 /* ViewController.swift */,
				A30B0D221D878D1E00C20A76 /* WebpayClient.swift */,
				A39060971DA4C39200C07515 /* HelpViewController.swift */,
				A3CD058C1D766C0900E969FC /* Orders */,
				A3D48F991D927FE7000BD928 /* Trade */,
				A3CD058D1D766C7700E969FC /* Users */,
				A3555B801D7D5AA2009709FB /* Comment */,
			);
			name = Controller;
			sourceTree = "<group>";
		};
		BA366FE96756250B122F1F6A /* Frameworks */ = {
			isa = PBXGroup;
			children = (
				A38F1CE21D90E3CB005C09C7 /* StoreKit.framework */,
				A38F1CE01D90E3C5005C09C7 /* QuartzCore.framework */,
				A38F1CDE1D90E3BD005C09C7 /* OpenGLES.framework */,
				A38F1CDC1D90E3B6005C09C7 /* MessageUI.framework */,
				A38F1CDA1D90E3AE005C09C7 /* CoreData.framework */,
				A38F1CD81D90E3A6005C09C7 /* Accelerate.framework */,
				A38F1CD61D90E39C005C09C7 /* SystemConfiguration.framework */,
				A38F1CD41D90E392005C09C7 /* MobileCoreServices.framework */,
				A38F1CD21D90E388005C09C7 /* libsqlite3.0.tbd */,
				A38F1CD01D90E379005C09C7 /* libz.1.2.5.tbd */,
				A38F1CCE1D90E36B005C09C7 /* libz.tbd */,
				A38F1CCC1D90E359005C09C7 /* libc++.tbd */,
				98BD852A395E2BD9D57DF6A2 /* Pods_SimpleMarket.framework */,
			);
			name = Frameworks;
			sourceTree = "<group>";
		};
/* End PBXGroup section */

/* Begin PBXNativeTarget section */
		A3FB36221D62D26700EFB7C4 /* SimpleMarket */ = {
			isa = PBXNativeTarget;
			buildConfigurationList = A3FB36351D62D26700EFB7C4 /* Build configuration list for PBXNativeTarget "SimpleMarket" */;
			buildPhases = (
				976F154B96163571FE96DDBD /* [CP] Check Pods Manifest.lock */,
				A3FB361F1D62D26700EFB7C4 /* Sources */,
				A3FB36201D62D26700EFB7C4 /* Frameworks */,
				A3FB36211D62D26700EFB7C4 /* Resources */,
				63BE63E600337693562A2B07 /* [CP] Embed Pods Frameworks */,
				A1954557FEE47F9402ADF02C /* [CP] Copy Pods Resources */,
			);
			buildRules = (
			);
			dependencies = (
			);
			name = SimpleMarket;
			productName = SimpleMarket;
			productReference = A3FB36231D62D26700EFB7C4 /* SimpleMarket.app */;
			productType = "com.apple.product-type.application";
		};
/* End PBXNativeTarget section */

/* Begin PBXProject section */
		A3FB361B1D62D26700EFB7C4 /* Project object */ = {
			isa = PBXProject;
			attributes = {
				LastSwiftUpdateCheck = 0730;
				LastUpgradeCheck = 0730;
				ORGANIZATIONNAME = "ark-share";
				TargetAttributes = {
					A3FB36221D62D26700EFB7C4 = {
						CreatedOnToolsVersion = 7.3.1;
					};
				};
			};
			buildConfigurationList = A3FB361E1D62D26700EFB7C4 /* Build configuration list for PBXProject "SimpleMarket" */;
			compatibilityVersion = "Xcode 3.2";
			developmentRegion = English;
			hasScannedForEncodings = 0;
			knownRegions = (
				en,
				Base,
			);
			mainGroup = A3FB361A1D62D26700EFB7C4;
			productRefGroup = A3FB36241D62D26700EFB7C4 /* Products */;
			projectDirPath = "";
			projectRoot = "";
			targets = (
				A3FB36221D62D26700EFB7C4 /* SimpleMarket */,
			);
		};
/* End PBXProject section */

/* Begin PBXResourcesBuildPhase section */
		A3FB36211D62D26700EFB7C4 /* Resources */ = {
			isa = PBXResourcesBuildPhase;
			buildActionMask = 2147483647;
			files = (
				A3FB36311D62D26700EFB7C4 /* LaunchScreen.storyboard in Resources */,
				A3436E661D66D66E00EE1F77 /* Main.storyboard in Resources */,
				A3436E5E1D65829F00EE1F77 /* GoogleService-Info.plist in Resources */,
				A3DF4C101D94B9FB00603A6D /* AdobeCreativeSDKCoreResources.bundle in Resources */,
				A3FB362E1D62D26700EFB7C4 /* Assets.xcassets in Resources */,
				A3DF4C121D94B9FB00603A6D /* AdobeCreativeSDKImageResources.bundle in Resources */,
				A30B0D1A1D824E8C00C20A76 /* OrderDetailTableViewCell.xib in Resources */,
				A3555B7D1D7D57BB009709FB /* Comment.storyboard in Resources */,
				A3B2AE971D7FB29C004D1CD8 /* FontAwesome.otf in Resources */,
				A3FB362C1D62D26700EFB7C4 /* Order.storyboard in Resources */,
				A3A404FD1D7430210061DDB2 /* User.storyboard in Resources */,
				A3A404ED1D6E93DE0061DDB2 /* TradeBuyIndexCell.xib in Resources */,
				A3B2AE9B1D7FBCCC004D1CD8 /* CommentTableViewCell.xib in Resources */,
				A3F74A561D98FC56000A9720 /* TradeSellIndexCell.xib in Resources */,
				A38F1CC31D892F5A005C09C7 /* Trade.storyboard in Resources */,
			);
			runOnlyForDeploymentPostprocessing = 0;
		};
/* End PBXResourcesBuildPhase section */

/* Begin PBXShellScriptBuildPhase section */
		63BE63E600337693562A2B07 /* [CP] Embed Pods Frameworks */ = {
			isa = PBXShellScriptBuildPhase;
			buildActionMask = 2147483647;
			files = (
			);
			inputPaths = (
			);
			name = "[CP] Embed Pods Frameworks";
			outputPaths = (
			);
			runOnlyForDeploymentPostprocessing = 0;
			shellPath = /bin/sh;
			shellScript = "\"${SRCROOT}/Pods/Target Support Files/Pods-SimpleMarket/Pods-SimpleMarket-frameworks.sh\"\n";
			showEnvVarsInLog = 0;
		};
		976F154B96163571FE96DDBD /* [CP] Check Pods Manifest.lock */ = {
			isa = PBXShellScriptBuildPhase;
			buildActionMask = 2147483647;
			files = (
			);
			inputPaths = (
			);
			name = "[CP] Check Pods Manifest.lock";
			outputPaths = (
			);
			runOnlyForDeploymentPostprocessing = 0;
			shellPath = /bin/sh;
			shellScript = "diff \"${PODS_ROOT}/../Podfile.lock\" \"${PODS_ROOT}/Manifest.lock\" > /dev/null\nif [[ $? != 0 ]] ; then\n    cat << EOM\nerror: The sandbox is not in sync with the Podfile.lock. Run 'pod install' or update your CocoaPods installation.\nEOM\n    exit 1\nfi\n";
			showEnvVarsInLog = 0;
		};
		A1954557FEE47F9402ADF02C /* [CP] Copy Pods Resources */ = {
			isa = PBXShellScriptBuildPhase;
			buildActionMask = 2147483647;
			files = (
			);
			inputPaths = (
			);
			name = "[CP] Copy Pods Resources";
			outputPaths = (
			);
			runOnlyForDeploymentPostprocessing = 0;
			shellPath = /bin/sh;
			shellScript = "\"${SRCROOT}/Pods/Target Support Files/Pods-SimpleMarket/Pods-SimpleMarket-resources.sh\"\n";
			showEnvVarsInLog = 0;
		};
/* End PBXShellScriptBuildPhase section */

/* Begin PBXSourcesBuildPhase section */
		A3FB361F1D62D26700EFB7C4 /* Sources */ = {
			isa = PBXSourcesBuildPhase;
			buildActionMask = 2147483647;
			files = (
				A3A404F91D703FA10061DDB2 /* OrderIndexCollectionViewController.swift in Sources */,
				A38F1CBF1D892220005C09C7 /* KeyConst.swift in Sources */,
				A3555B7F1D7D5A97009709FB /* OrderCommentAddViewController.swift in Sources */,
				A3436E601D658B9400EE1F77 /* OrderData.swift in Sources */,
				A3A404EC1D6E93DE0061DDB2 /* TradeBuyIndexCell.swift in Sources */,
				A30B0D231D878D1E00C20A76 /* WebpayClient.swift in Sources */,
				A38F1CE61D9108A4005C09C7 /* ImageSelectViewController.swift in Sources */,
				A3436E631D65AE9700EE1F77 /* OrderAddThanksViewController.swift in Sources */,
				A3F74A521D98FC30000A9720 /* TradeSellTableViewController.swift in Sources */,
				A35532CA1D9C9FAD0046F111 /* TradeCommentAddViewController.swift in Sources */,
				A32B5F7F1D62EFD300608BBF /* OrderAddViewController.swift in Sources */,
				A3A404E51D6D8F6F0061DDB2 /* TradeBuyIndexViewController.swift in Sources */,
				A3A404FB1D74300D0061DDB2 /* UserLoginViewController.swift in Sources */,
				A3F74A581D98FC79000A9720 /* TradeSellDetailViewController.swift in Sources */,
				A32B5F7C1D62E84600608BBF /* ButtonCustom.swift in Sources */,
				A3CD058F1D77C6A500E969FC /* OrderDetailViewController.swift in Sources */,
				A32B5F7A1D62E7D300608BBF /* CommonConst.swift in Sources */,
				A30B0D191D824E8C00C20A76 /* OrderDetailTableViewCell.swift in Sources */,
				A3FB36291D62D26700EFB7C4 /* ViewController.swift in Sources */,
				A3FB363F1D62DEDD00EFB7C4 /* OrderIndexViewController.swift in Sources */,
				A38F1CC11D892F0B005C09C7 /* TradeBuyDetailViewController.swift in Sources */,
				A3F74A551D98FC56000A9720 /* TradeSellIndexCell.swift in Sources */,
				A3B2AE9D1D7FE684004D1CD8 /* CommentData.swift in Sources */,
				A3B2AE9A1D7FBCCC004D1CD8 /* CommentTableViewCell.swift in Sources */,
				A3FB36271D62D26700EFB7C4 /* AppDelegate.swift in Sources */,
				A3A404F61D7008110061DDB2 /* TradeBuyTableViewController.swift in Sources */,
				A30B0D211D869B9400C20A76 /* OrderBuyViewController.swift in Sources */,
				A39060981DA4C39200C07515 /* HelpViewController.swift in Sources */,
				A3FB36431D62DF9B00EFB7C4 /* AppController.swift in Sources */,
				A391E58D1D88EC5000937B32 /* OrderBuyThanksViewController.swift in Sources */,
				A3CA8BC21D6BE19200397DBC /* LeftMenuViewController.swift in Sources */,
				A3F74A501D98FB5E000A9720 /* TradeSellIndexViewController.swift in Sources */,
			);
			runOnlyForDeploymentPostprocessing = 0;
		};
/* End PBXSourcesBuildPhase section */

/* Begin PBXVariantGroup section */
		A3FB362A1D62D26700EFB7C4 /* Order.storyboard */ = {
			isa = PBXVariantGroup;
			children = (
				A3FB362B1D62D26700EFB7C4 /* Base */,
			);
			name = Order.storyboard;
			sourceTree = "<group>";
		};
		A3FB362F1D62D26700EFB7C4 /* LaunchScreen.storyboard */ = {
			isa = PBXVariantGroup;
			children = (
				A3FB36301D62D26700EFB7C4 /* Base */,
			);
			name = LaunchScreen.storyboard;
			sourceTree = "<group>";
		};
/* End PBXVariantGroup section */

/* Begin XCBuildConfiguration section */
		A3FB36331D62D26700EFB7C4 /* Debug */ = {
			isa = XCBuildConfiguration;
			buildSettings = {
				ALWAYS_SEARCH_USER_PATHS = NO;
				CLANG_ANALYZER_NONNULL = YES;
				CLANG_CXX_LANGUAGE_STANDARD = "gnu++0x";
				CLANG_CXX_LIBRARY = "libc++";
				CLANG_ENABLE_MODULES = YES;
				CLANG_ENABLE_OBJC_ARC = YES;
				CLANG_WARN_BOOL_CONVERSION = YES;
				CLANG_WARN_CONSTANT_CONVERSION = YES;
				CLANG_WARN_DIRECT_OBJC_ISA_USAGE = YES_ERROR;
				CLANG_WARN_EMPTY_BODY = YES;
				CLANG_WARN_ENUM_CONVERSION = YES;
				CLANG_WARN_INT_CONVERSION = YES;
				CLANG_WARN_OBJC_ROOT_CLASS = YES_ERROR;
				CLANG_WARN_UNREACHABLE_CODE = YES;
				CLANG_WARN__DUPLICATE_METHOD_MATCH = YES;
				"CODE_SIGN_IDENTITY[sdk=iphoneos*]" = "iPhone Developer";
				COPY_PHASE_STRIP = NO;
				DEBUG_INFORMATION_FORMAT = dwarf;
				ENABLE_STRICT_OBJC_MSGSEND = YES;
				ENABLE_TESTABILITY = YES;
				GCC_C_LANGUAGE_STANDARD = gnu99;
				GCC_DYNAMIC_NO_PIC = NO;
				GCC_NO_COMMON_BLOCKS = YES;
				GCC_OPTIMIZATION_LEVEL = 0;
				GCC_PREPROCESSOR_DEFINITIONS = (
					"DEBUG=1",
					"$(inherited)",
				);
				GCC_WARN_64_TO_32_BIT_CONVERSION = YES;
				GCC_WARN_ABOUT_RETURN_TYPE = YES_ERROR;
				GCC_WARN_UNDECLARED_SELECTOR = YES;
				GCC_WARN_UNINITIALIZED_AUTOS = YES_AGGRESSIVE;
				GCC_WARN_UNUSED_FUNCTION = YES;
				GCC_WARN_UNUSED_VARIABLE = YES;
				IPHONEOS_DEPLOYMENT_TARGET = 9.3;
				MTL_ENABLE_DEBUG_INFO = YES;
				ONLY_ACTIVE_ARCH = YES;
				SDKROOT = iphoneos;
				SWIFT_OPTIMIZATION_LEVEL = "-Onone";
				SWIFT_VERSION = 2.3;
			};
			name = Debug;
		};
		A3FB36341D62D26700EFB7C4 /* Release */ = {
			isa = XCBuildConfiguration;
			buildSettings = {
				ALWAYS_SEARCH_USER_PATHS = NO;
				CLANG_ANALYZER_NONNULL = YES;
				CLANG_CXX_LANGUAGE_STANDARD = "gnu++0x";
				CLANG_CXX_LIBRARY = "libc++";
				CLANG_ENABLE_MODULES = YES;
				CLANG_ENABLE_OBJC_ARC = YES;
				CLANG_WARN_BOOL_CONVERSION = YES;
				CLANG_WARN_CONSTANT_CONVERSION = YES;
				CLANG_WARN_DIRECT_OBJC_ISA_USAGE = YES_ERROR;
				CLANG_WARN_EMPTY_BODY = YES;
				CLANG_WARN_ENUM_CONVERSION = YES;
				CLANG_WARN_INT_CONVERSION = YES;
				CLANG_WARN_OBJC_ROOT_CLASS = YES_ERROR;
				CLANG_WARN_UNREACHABLE_CODE = YES;
				CLANG_WARN__DUPLICATE_METHOD_MATCH = YES;
				"CODE_SIGN_IDENTITY[sdk=iphoneos*]" = "iPhone Developer";
				COPY_PHASE_STRIP = NO;
				DEBUG_INFORMATION_FORMAT = "dwarf-with-dsym";
				ENABLE_NS_ASSERTIONS = NO;
				ENABLE_STRICT_OBJC_MSGSEND = YES;
				GCC_C_LANGUAGE_STANDARD = gnu99;
				GCC_NO_COMMON_BLOCKS = YES;
				GCC_WARN_64_TO_32_BIT_CONVERSION = YES;
				GCC_WARN_ABOUT_RETURN_TYPE = YES_ERROR;
				GCC_WARN_UNDECLARED_SELECTOR = YES;
				GCC_WARN_UNINITIALIZED_AUTOS = YES_AGGRESSIVE;
				GCC_WARN_UNUSED_FUNCTION = YES;
				GCC_WARN_UNUSED_VARIABLE = YES;
				IPHONEOS_DEPLOYMENT_TARGET = 9.3;
				MTL_ENABLE_DEBUG_INFO = NO;
				SDKROOT = iphoneos;
				SWIFT_VERSION = 2.3;
				VALIDATE_PRODUCT = YES;
			};
			name = Release;
		};
		A3FB36361D62D26700EFB7C4 /* Debug */ = {
			isa = XCBuildConfiguration;
			baseConfigurationReference = E42861653C1233EB0DBBA2FF /* Pods-SimpleMarket.debug.xcconfig */;
			buildSettings = {
				ASSETCATALOG_COMPILER_APPICON_NAME = AppIcon;
				FRAMEWORK_SEARCH_PATHS = (
					"$(inherited)",
					"$(PROJECT_DIR)/SimpleMarket",
					"$(PROJECT_DIR)",
				);
				INFOPLIST_FILE = SimpleMarket/Info.plist;
				LD_RUNPATH_SEARCH_PATHS = "$(inherited) @executable_path/Frameworks";
				OTHER_LDFLAGS = (
					"$(inherited)",
					"-ObjC",
					"-l\"c++\"",
					"-l\"icucore\"",
					"-l\"sqlite3\"",
					"-l\"z\"",
					"-framework",
					"\"AdSupport\"",
					"-framework",
					"\"AddressBook\"",
					"-framework",
					"\"Alamofire\"",
					"-framework",
					"\"CFNetwork\"",
					"-framework",
					"\"CoreGraphics\"",
					"-framework",
					"\"FirebaseAnalytics\"",
					"-framework",
					"\"FirebaseAuth\"",
					"-framework",
					"\"FirebaseDatabase\"",
					"-framework",
					"\"FirebaseInstanceID\"",
					"-framework",
					"\"FontAwesome_swift\"",
					"-framework",
					"\"GoogleInterchangeUtilities\"",
					"-framework",
					"\"GoogleNetworkingUtilities\"",
					"-framework",
					"\"GoogleSymbolUtilities\"",
					"-framework",
					"\"GoogleUtilities\"",
					"-framework",
					"\"SVProgressHUD\"",
					"-framework",
					"\"SafariServices\"",
					"-framework",
					"\"Security\"",
					"-framework",
					"\"SlideMenuControllerSwift\"",
					"-framework",
					"\"StoreKit\"",
					"-framework",
					"\"SystemConfiguration\"",
					"-framework",
					"\"WebPay\"",
					"-all_load",
				);
				PRODUCT_BUNDLE_IDENTIFIER = "jp.ark-share.app.SimpleMarket";
				PRODUCT_NAME = "$(TARGET_NAME)";
				SWIFT_OBJC_BRIDGING_HEADER = "SimpleMarket/SimpleMarket-Bridging-Header.h";
				SWIFT_VERSION = 2.3;
			};
			name = Debug;
		};
		A3FB36371D62D26700EFB7C4 /* Release */ = {
			isa = XCBuildConfiguration;
			baseConfigurationReference = 27C6FCB2F88DB2B75EEB7E05 /* Pods-SimpleMarket.release.xcconfig */;
			buildSettings = {
				ASSETCATALOG_COMPILER_APPICON_NAME = AppIcon;
				FRAMEWORK_SEARCH_PATHS = (
					"$(inherited)",
					"$(PROJECT_DIR)/SimpleMarket",
					"$(PROJECT_DIR)",
				);
				INFOPLIST_FILE = SimpleMarket/Info.plist;
				LD_RUNPATH_SEARCH_PATHS = "$(inherited) @executable_path/Frameworks";
				OTHER_LDFLAGS = (
					"$(inherited)",
					"-ObjC",
					"-l\"c++\"",
					"-l\"icucore\"",
					"-l\"sqlite3\"",
					"-l\"z\"",
					"-framework",
					"\"AdSupport\"",
					"-framework",
					"\"AddressBook\"",
					"-framework",
					"\"Alamofire\"",
					"-framework",
					"\"CFNetwork\"",
					"-framework",
					"\"CoreGraphics\"",
					"-framework",
					"\"FirebaseAnalytics\"",
					"-framework",
					"\"FirebaseAuth\"",
					"-framework",
					"\"FirebaseDatabase\"",
					"-framework",
					"\"FirebaseInstanceID\"",
					"-framework",
					"\"FontAwesome_swift\"",
					"-framework",
					"\"GoogleInterchangeUtilities\"",
					"-framework",
					"\"GoogleNetworkingUtilities\"",
					"-framework",
					"\"GoogleSymbolUtilities\"",
					"-framework",
					"\"GoogleUtilities\"",
					"-framework",
					"\"SVProgressHUD\"",
					"-framework",
					"\"SafariServices\"",
					"-framework",
					"\"Security\"",
					"-framework",
					"\"SlideMenuControllerSwift\"",
					"-framework",
					"\"StoreKit\"",
					"-framework",
					"\"SystemConfiguration\"",
					"-framework",
					"\"WebPay\"",
					"-all_load",
				);
				PRODUCT_BUNDLE_IDENTIFIER = "jp.ark-share.app.SimpleMarket";
				PRODUCT_NAME = "$(TARGET_NAME)";
				SWIFT_OBJC_BRIDGING_HEADER = "SimpleMarket/SimpleMarket-Bridging-Header.h";
				"SWIFT_OBJC_BRIDGING_HEADER[arch=*]" = "";
				SWIFT_VERSION = 2.3;
			};
			name = Release;
		};
/* End XCBuildConfiguration section */

/* Begin XCConfigurationList section */
		A3FB361E1D62D26700EFB7C4 /* Build configuration list for PBXProject "SimpleMarket" */ = {
			isa = XCConfigurationList;
			buildConfigurations = (
				A3FB36331D62D26700EFB7C4 /* Debug */,
				A3FB36341D62D26700EFB7C4 /* Release */,
			);
			defaultConfigurationIsVisible = 0;
			defaultConfigurationName = Release;
		};
		A3FB36351D62D26700EFB7C4 /* Build configuration list for PBXNativeTarget "SimpleMarket" */ = {
			isa = XCConfigurationList;
			buildConfigurations = (
				A3FB36361D62D26700EFB7C4 /* Debug */,
				A3FB36371D62D26700EFB7C4 /* Release */,
			);
			defaultConfigurationIsVisible = 0;
			defaultConfigurationName = Release;
		};
/* End XCConfigurationList section */
	};
	rootObject = A3FB361B1D62D26700EFB7C4 /* Project object */;
}
