// !$*UTF8*$!
{
	archiveVersion = 1;
	classes = {
	};
	objectVersion = 46;
	objects = {

/* Begin PBXBuildFile section */
		A32B5F7A1D62E7D300608BBF /* CommonConst.swift in Sources */ = {isa = PBXBuildFile; fileRef = A32B5F791D62E7D300608BBF /* CommonConst.swift */; };
		A32B5F7C1D62E84600608BBF /* ButtonCustom.swift in Sources */ = {isa = PBXBuildFile; fileRef = A32B5F7B1D62E84600608BBF /* ButtonCustom.swift */; };
		A32B5F7F1D62EFD300608BBF /* OrderAddViewController.swift in Sources */ = {isa = PBXBuildFile; fileRef = A32B5F7E1D62EFD300608BBF /* OrderAddViewController.swift */; };
		A3436E5E1D65829F00EE1F77 /* GoogleService-Info.plist in Resources */ = {isa = PBXBuildFile; fileRef = A3436E5D1D65829F00EE1F77 /* GoogleService-Info.plist */; };
		A3436E601D658B9400EE1F77 /* OrderData.swift in Sources */ = {isa = PBXBuildFile; fileRef = A3436E5F1D658B9400EE1F77 /* OrderData.swift */; };
		A3436E631D65AE9700EE1F77 /* OrderSubmitViewController.swift in Sources */ = {isa = PBXBuildFile; fileRef = A3436E621D65AE9700EE1F77 /* OrderSubmitViewController.swift */; };
		A3436E661D66D66E00EE1F77 /* Main.storyboard in Resources */ = {isa = PBXBuildFile; fileRef = A3436E641D66CBE400EE1F77 /* Main.storyboard */; };
		A3555B7D1D7D57BB009709FB /* Comment.storyboard in Resources */ = {isa = PBXBuildFile; fileRef = A3555B7C1D7D57BB009709FB /* Comment.storyboard */; };
		A3555B7F1D7D5A97009709FB /* CommentAddViewController.swift in Sources */ = {isa = PBXBuildFile; fileRef = A3555B7E1D7D5A97009709FB /* CommentAddViewController.swift */; };
		A3A404E51D6D8F6F0061DDB2 /* OrderIndexBuyViewController.swift in Sources */ = {isa = PBXBuildFile; fileRef = A3A404E41D6D8F6F0061DDB2 /* OrderIndexBuyViewController.swift */; };
		A3A404EC1D6E93DE0061DDB2 /* BuyTableViewCell.swift in Sources */ = {isa = PBXBuildFile; fileRef = A3A404EA1D6E93DE0061DDB2 /* BuyTableViewCell.swift */; };
		A3A404ED1D6E93DE0061DDB2 /* BuyTableViewCell.xib in Resources */ = {isa = PBXBuildFile; fileRef = A3A404EB1D6E93DE0061DDB2 /* BuyTableViewCell.xib */; };
		A3A404F61D7008110061DDB2 /* BuyTableViewController.swift in Sources */ = {isa = PBXBuildFile; fileRef = A3A404F41D7008110061DDB2 /* BuyTableViewController.swift */; };
		A3A404F91D703FA10061DDB2 /* OrderIndexCollectionViewController.swift in Sources */ = {isa = PBXBuildFile; fileRef = A3A404F81D703FA10061DDB2 /* OrderIndexCollectionViewController.swift */; };
		A3A404FB1D74300D0061DDB2 /* UserLoginViewController.swift in Sources */ = {isa = PBXBuildFile; fileRef = A3A404FA1D74300D0061DDB2 /* UserLoginViewController.swift */; };
		A3A404FD1D7430210061DDB2 /* User.storyboard in Resources */ = {isa = PBXBuildFile; fileRef = A3A404FC1D7430210061DDB2 /* User.storyboard */; };
		A3CA8BC21D6BE19200397DBC /* LeftMenuViewController.swift in Sources */ = {isa = PBXBuildFile; fileRef = A3CA8BC11D6BE19200397DBC /* LeftMenuViewController.swift */; };
		A3CD058F1D77C6A500E969FC /* OrderDetailViewController.swift in Sources */ = {isa = PBXBuildFile; fileRef = A3CD058E1D77C6A500E969FC /* OrderDetailViewController.swift */; };
		A3FB36271D62D26700EFB7C4 /* AppDelegate.swift in Sources */ = {isa = PBXBuildFile; fileRef = A3FB36261D62D26700EFB7C4 /* AppDelegate.swift */; };
		A3FB36291D62D26700EFB7C4 /* ViewController.swift in Sources */ = {isa = PBXBuildFile; fileRef = A3FB36281D62D26700EFB7C4 /* ViewController.swift */; };
		A3FB362C1D62D26700EFB7C4 /* Order.storyboard in Resources */ = {isa = PBXBuildFile; fileRef = A3FB362A1D62D26700EFB7C4 /* Order.storyboard */; };
		A3FB362E1D62D26700EFB7C4 /* Assets.xcassets in Resources */ = {isa = PBXBuildFile; fileRef = A3FB362D1D62D26700EFB7C4 /* Assets.xcassets */; };
		A3FB36311D62D26700EFB7C4 /* LaunchScreen.storyboard in Resources */ = {isa = PBXBuildFile; fileRef = A3FB362F1D62D26700EFB7C4 /* LaunchScreen.storyboard */; };
		A3FB363F1D62DEDD00EFB7C4 /* OrderIndexViewController.swift in Sources */ = {isa = PBXBuildFile; fileRef = A3FB363E1D62DEDD00EFB7C4 /* OrderIndexViewController.swift */; };
		A3FB36431D62DF9B00EFB7C4 /* AppController.swift in Sources */ = {isa = PBXBuildFile; fileRef = A3FB36421D62DF9B00EFB7C4 /* AppController.swift */; };
		FC463A060400DEBBB1844B2E /* Pods_SimpleMarket.framework in Frameworks */ = {isa = PBXBuildFile; fileRef = 98BD852A395E2BD9D57DF6A2 /* Pods_SimpleMarket.framework */; };
/* End PBXBuildFile section */

/* Begin PBXFileReference section */
		27C6FCB2F88DB2B75EEB7E05 /* Pods-SimpleMarket.release.xcconfig */ = {isa = PBXFileReference; includeInIndex = 1; lastKnownFileType = text.xcconfig; name = "Pods-SimpleMarket.release.xcconfig"; path = "Pods/Target Support Files/Pods-SimpleMarket/Pods-SimpleMarket.release.xcconfig"; sourceTree = "<group>"; };
		98BD852A395E2BD9D57DF6A2 /* Pods_SimpleMarket.framework */ = {isa = PBXFileReference; explicitFileType = wrapper.framework; includeInIndex = 0; path = Pods_SimpleMarket.framework; sourceTree = BUILT_PRODUCTS_DIR; };
		A32B5F791D62E7D300608BBF /* CommonConst.swift */ = {isa = PBXFileReference; fileEncoding = 4; lastKnownFileType = sourcecode.swift; path = CommonConst.swift; sourceTree = "<group>"; };
		A32B5F7B1D62E84600608BBF /* ButtonCustom.swift */ = {isa = PBXFileReference; fileEncoding = 4; lastKnownFileType = sourcecode.swift; path = ButtonCustom.swift; sourceTree = "<group>"; };
		A32B5F7E1D62EFD300608BBF /* OrderAddViewController.swift */ = {isa = PBXFileReference; fileEncoding = 4; lastKnownFileType = sourcecode.swift; path = OrderAddViewController.swift; sourceTree = "<group>"; };
		A3436E5D1D65829F00EE1F77 /* GoogleService-Info.plist */ = {isa = PBXFileReference; fileEncoding = 4; lastKnownFileType = text.plist.xml; path = "GoogleService-Info.plist"; sourceTree = "<group>"; };
		A3436E5F1D658B9400EE1F77 /* OrderData.swift */ = {isa = PBXFileReference; fileEncoding = 4; lastKnownFileType = sourcecode.swift; path = OrderData.swift; sourceTree = "<group>"; };
		A3436E621D65AE9700EE1F77 /* OrderSubmitViewController.swift */ = {isa = PBXFileReference; fileEncoding = 4; lastKnownFileType = sourcecode.swift; path = OrderSubmitViewController.swift; sourceTree = "<group>"; };
		A3436E641D66CBE400EE1F77 /* Main.storyboard */ = {isa = PBXFileReference; fileEncoding = 4; lastKnownFileType = file.storyboard; path = Main.storyboard; sourceTree = "<group>"; };
		A3555B7C1D7D57BB009709FB /* Comment.storyboard */ = {isa = PBXFileReference; fileEncoding = 4; lastKnownFileType = file.storyboard; path = Comment.storyboard; sourceTree = "<group>"; };
		A3555B7E1D7D5A97009709FB /* CommentAddViewController.swift */ = {isa = PBXFileReference; fileEncoding = 4; lastKnownFileType = sourcecode.swift; path = CommentAddViewController.swift; sourceTree = "<group>"; };
		A3A404E41D6D8F6F0061DDB2 /* OrderIndexBuyViewController.swift */ = {isa = PBXFileReference; fileEncoding = 4; lastKnownFileType = sourcecode.swift; path = OrderIndexBuyViewController.swift; sourceTree = "<group>"; };
		A3A404EA1D6E93DE0061DDB2 /* BuyTableViewCell.swift */ = {isa = PBXFileReference; fileEncoding = 4; lastKnownFileType = sourcecode.swift; path = BuyTableViewCell.swift; sourceTree = "<group>"; };
		A3A404EB1D6E93DE0061DDB2 /* BuyTableViewCell.xib */ = {isa = PBXFileReference; fileEncoding = 4; lastKnownFileType = file.xib; path = BuyTableViewCell.xib; sourceTree = "<group>"; };
		A3A404F41D7008110061DDB2 /* BuyTableViewController.swift */ = {isa = PBXFileReference; fileEncoding = 4; lastKnownFileType = sourcecode.swift; path = BuyTableViewController.swift; sourceTree = "<group>"; };
		A3A404F81D703FA10061DDB2 /* OrderIndexCollectionViewController.swift */ = {isa = PBXFileReference; fileEncoding = 4; lastKnownFileType = sourcecode.swift; path = OrderIndexCollectionViewController.swift; sourceTree = "<group>"; };
		A3A404FA1D74300D0061DDB2 /* UserLoginViewController.swift */ = {isa = PBXFileReference; fileEncoding = 4; lastKnownFileType = sourcecode.swift; path = UserLoginViewController.swift; sourceTree = "<group>"; };
		A3A404FC1D7430210061DDB2 /* User.storyboard */ = {isa = PBXFileReference; fileEncoding = 4; lastKnownFileType = file.storyboard; path = User.storyboard; sourceTree = "<group>"; };
		A3CA8BC11D6BE19200397DBC /* LeftMenuViewController.swift */ = {isa = PBXFileReference; fileEncoding = 4; lastKnownFileType = sourcecode.swift; path = LeftMenuViewController.swift; sourceTree = "<group>"; };
		A3CD058E1D77C6A500E969FC /* OrderDetailViewController.swift */ = {isa = PBXFileReference; fileEncoding = 4; lastKnownFileType = sourcecode.swift; path = OrderDetailViewController.swift; sourceTree = "<group>"; };
		A3FB36231D62D26700EFB7C4 /* SimpleMarket.app */ = {isa = PBXFileReference; explicitFileType = wrapper.application; includeInIndex = 0; path = SimpleMarket.app; sourceTree = BUILT_PRODUCTS_DIR; };
		A3FB36261D62D26700EFB7C4 /* AppDelegate.swift */ = {isa = PBXFileReference; lastKnownFileType = sourcecode.swift; path = AppDelegate.swift; sourceTree = "<group>"; };
		A3FB36281D62D26700EFB7C4 /* ViewController.swift */ = {isa = PBXFileReference; lastKnownFileType = sourcecode.swift; path = ViewController.swift; sourceTree = "<group>"; };
		A3FB362B1D62D26700EFB7C4 /* Base */ = {isa = PBXFileReference; lastKnownFileType = file.storyboard; name = Base; path = Base.lproj/Order.storyboard; sourceTree = "<group>"; };
		A3FB362D1D62D26700EFB7C4 /* Assets.xcassets */ = {isa = PBXFileReference; lastKnownFileType = folder.assetcatalog; path = Assets.xcassets; sourceTree = "<group>"; };
		A3FB36301D62D26700EFB7C4 /* Base */ = {isa = PBXFileReference; lastKnownFileType = file.storyboard; name = Base; path = Base.lproj/LaunchScreen.storyboard; sourceTree = "<group>"; };
		A3FB36321D62D26700EFB7C4 /* Info.plist */ = {isa = PBXFileReference; lastKnownFileType = text.plist.xml; path = Info.plist; sourceTree = "<group>"; };
		A3FB363E1D62DEDD00EFB7C4 /* OrderIndexViewController.swift */ = {isa = PBXFileReference; fileEncoding = 4; lastKnownFileType = sourcecode.swift; path = OrderIndexViewController.swift; sourceTree = "<group>"; };
		A3FB36421D62DF9B00EFB7C4 /* AppController.swift */ = {isa = PBXFileReference; fileEncoding = 4; lastKnownFileType = sourcecode.swift; path = AppController.swift; sourceTree = "<group>"; };
		E42861653C1233EB0DBBA2FF /* Pods-SimpleMarket.debug.xcconfig */ = {isa = PBXFileReference; includeInIndex = 1; lastKnownFileType = text.xcconfig; name = "Pods-SimpleMarket.debug.xcconfig"; path = "Pods/Target Support Files/Pods-SimpleMarket/Pods-SimpleMarket.debug.xcconfig"; sourceTree = "<group>"; };
/* End PBXFileReference section */

/* Begin PBXFrameworksBuildPhase section */
		A3FB36201D62D26700EFB7C4 /* Frameworks */ = {
			isa = PBXFrameworksBuildPhase;
			buildActionMask = 2147483647;
			files = (
				FC463A060400DEBBB1844B2E /* Pods_SimpleMarket.framework in Frameworks */,
			);
			runOnlyForDeploymentPostprocessing = 0;
		};
/* End PBXFrameworksBuildPhase section */

/* Begin PBXGroup section */
		1B3E7EE70C3C740D36291861 /* Pods */ = {
			isa = PBXGroup;
			children = (
				E42861653C1233EB0DBBA2FF /* Pods-SimpleMarket.debug.xcconfig */,
				27C6FCB2F88DB2B75EEB7E05 /* Pods-SimpleMarket.release.xcconfig */,
			);
			name = Pods;
			sourceTree = "<group>";
		};
		A32B5F7D1D62E8E400608BBF /* Config */ = {
			isa = PBXGroup;
			children = (
				A32B5F791D62E7D300608BBF /* CommonConst.swift */,
				A32B5F7B1D62E84600608BBF /* ButtonCustom.swift */,
			);
			name = Config;
			sourceTree = "<group>";
		};
		A3436E611D658BA500EE1F77 /* Model */ = {
			isa = PBXGroup;
			children = (
				A3436E5F1D658B9400EE1F77 /* OrderData.swift */,
			);
			name = Model;
			sourceTree = "<group>";
		};
		A3555B801D7D5AA2009709FB /* Comment */ = {
			isa = PBXGroup;
			children = (
				A3555B7E1D7D5A97009709FB /* CommentAddViewController.swift */,
			);
			name = Comment;
			sourceTree = "<group>";
		};
		A3CD058C1D766C0900E969FC /* Orders */ = {
			isa = PBXGroup;
			children = (
				A3FB363E1D62DEDD00EFB7C4 /* OrderIndexViewController.swift */,
				A3A404F81D703FA10061DDB2 /* OrderIndexCollectionViewController.swift */,
				A3CD058E1D77C6A500E969FC /* OrderDetailViewController.swift */,
				A32B5F7E1D62EFD300608BBF /* OrderAddViewController.swift */,
				A3436E621D65AE9700EE1F77 /* OrderSubmitViewController.swift */,
				A3A404E41D6D8F6F0061DDB2 /* OrderIndexBuyViewController.swift */,
				A3A404F41D7008110061DDB2 /* BuyTableViewController.swift */,
				A3A404EA1D6E93DE0061DDB2 /* BuyTableViewCell.swift */,
			);
			name = Orders;
			sourceTree = "<group>";
		};
		A3CD058D1D766C7700E969FC /* Users */ = {
			isa = PBXGroup;
			children = (
				A3A404FA1D74300D0061DDB2 /* UserLoginViewController.swift */,
			);
			name = Users;
			sourceTree = "<group>";
		};
		A3FB361A1D62D26700EFB7C4 = {
			isa = PBXGroup;
			children = (
				A3FB36251D62D26700EFB7C4 /* SimpleMarket */,
				A3FB36241D62D26700EFB7C4 /* Products */,
				1B3E7EE70C3C740D36291861 /* Pods */,
				BA366FE96756250B122F1F6A /* Frameworks */,
			);
			sourceTree = "<group>";
		};
		A3FB36241D62D26700EFB7C4 /* Products */ = {
			isa = PBXGroup;
			children = (
				A3FB36231D62D26700EFB7C4 /* SimpleMarket.app */,
			);
			name = Products;
			sourceTree = "<group>";
		};
		A3FB36251D62D26700EFB7C4 /* SimpleMarket */ = {
			isa = PBXGroup;
			children = (
				A32B5F7D1D62E8E400608BBF /* Config */,
				A3FB36411D62DF2D00EFB7C4 /* Controller */,
				A3436E611D658BA500EE1F77 /* Model */,
				A3FB36401D62DF2100EFB7C4 /* View */,
				A3FB362D1D62D26700EFB7C4 /* Assets.xcassets */,
				A3FB36321D62D26700EFB7C4 /* Info.plist */,
				A3436E5D1D65829F00EE1F77 /* GoogleService-Info.plist */,
			);
			path = SimpleMarket;
			sourceTree = "<group>";
		};
		A3FB36401D62DF2100EFB7C4 /* View */ = {
			isa = PBXGroup;
			children = (
				A3FB362F1D62D26700EFB7C4 /* LaunchScreen.storyboard */,
				A3436E641D66CBE400EE1F77 /* Main.storyboard */,
				A3FB362A1D62D26700EFB7C4 /* Order.storyboard */,
				A3A404EB1D6E93DE0061DDB2 /* BuyTableViewCell.xib */,
				A3A404FC1D7430210061DDB2 /* User.storyboard */,
				A3555B7C1D7D57BB009709FB /* Comment.storyboard */,
			);
			name = View;
			sourceTree = "<group>";
		};
		A3FB36411D62DF2D00EFB7C4 /* Controller */ = {
			isa = PBXGroup;
			children = (
				A3FB36261D62D26700EFB7C4 /* AppDelegate.swift */,
				A3FB36421D62DF9B00EFB7C4 /* AppController.swift */,
				A3CA8BC11D6BE19200397DBC /* LeftMenuViewController.swift */,
				A3FB36281D62D26700EFB7C4 /* ViewController.swift */,
				A3CD058C1D766C0900E969FC /* Orders */,
				A3CD058D1D766C7700E969FC /* Users */,
				A3555B801D7D5AA2009709FB /* Comment */,
			);
			name = Controller;
			sourceTree = "<group>";
		};
		BA366FE96756250B122F1F6A /* Frameworks */ = {
			isa = PBXGroup;
			children = (
				98BD852A395E2BD9D57DF6A2 /* Pods_SimpleMarket.framework */,
			);
			name = Frameworks;
			sourceTree = "<group>";
		};
/* End PBXGroup section */

/* Begin PBXNativeTarget section */
		A3FB36221D62D26700EFB7C4 /* SimpleMarket */ = {
			isa = PBXNativeTarget;
			buildConfigurationList = A3FB36351D62D26700EFB7C4 /* Build configuration list for PBXNativeTarget "SimpleMarket" */;
			buildPhases = (
				976F154B96163571FE96DDBD /* [CP] Check Pods Manifest.lock */,
				A3FB361F1D62D26700EFB7C4 /* Sources */,
				A3FB36201D62D26700EFB7C4 /* Frameworks */,
				A3FB36211D62D26700EFB7C4 /* Resources */,
				63BE63E600337693562A2B07 /* [CP] Embed Pods Frameworks */,
				A1954557FEE47F9402ADF02C /* [CP] Copy Pods Resources */,
			);
			buildRules = (
			);
			dependencies = (
			);
			name = SimpleMarket;
			productName = SimpleMarket;
			productReference = A3FB36231D62D26700EFB7C4 /* SimpleMarket.app */;
			productType = "com.apple.product-type.application";
		};
/* End PBXNativeTarget section */

/* Begin PBXProject section */
		A3FB361B1D62D26700EFB7C4 /* Project object */ = {
			isa = PBXProject;
			attributes = {
				LastSwiftUpdateCheck = 0730;
				LastUpgradeCheck = 0730;
				ORGANIZATIONNAME = "ark-share";
				TargetAttributes = {
					A3FB36221D62D26700EFB7C4 = {
						CreatedOnToolsVersion = 7.3.1;
					};
				};
			};
			buildConfigurationList = A3FB361E1D62D26700EFB7C4 /* Build configuration list for PBXProject "SimpleMarket" */;
			compatibilityVersion = "Xcode 3.2";
			developmentRegion = English;
			hasScannedForEncodings = 0;
			knownRegions = (
				en,
				Base,
			);
			mainGroup = A3FB361A1D62D26700EFB7C4;
			productRefGroup = A3FB36241D62D26700EFB7C4 /* Products */;
			projectDirPath = "";
			projectRoot = "";
			targets = (
				A3FB36221D62D26700EFB7C4 /* SimpleMarket */,
			);
		};
/* End PBXProject section */

/* Begin PBXResourcesBuildPhase section */
		A3FB36211D62D26700EFB7C4 /* Resources */ = {
			isa = PBXResourcesBuildPhase;
			buildActionMask = 2147483647;
			files = (
				A3FB36311D62D26700EFB7C4 /* LaunchScreen.storyboard in Resources */,
				A3436E661D66D66E00EE1F77 /* Main.storyboard in Resources */,
				A3436E5E1D65829F00EE1F77 /* GoogleService-Info.plist in Resources */,
				A3FB362E1D62D26700EFB7C4 /* Assets.xcassets in Resources */,
				A3555B7D1D7D57BB009709FB /* Comment.storyboard in Resources */,
				A3FB362C1D62D26700EFB7C4 /* Order.storyboard in Resources */,
				A3A404FD1D7430210061DDB2 /* User.storyboard in Resources */,
				A3A404ED1D6E93DE0061DDB2 /* BuyTableViewCell.xib in Resources */,
			);
			runOnlyForDeploymentPostprocessing = 0;
		};
/* End PBXResourcesBuildPhase section */

/* Begin PBXShellScriptBuildPhase section */
		63BE63E600337693562A2B07 /* [CP] Embed Pods Frameworks */ = {
			isa = PBXShellScriptBuildPhase;
			buildActionMask = 2147483647;
			files = (
			);
			inputPaths = (
			);
			name = "[CP] Embed Pods Frameworks";
			outputPaths = (
			);
			runOnlyForDeploymentPostprocessing = 0;
			shellPath = /bin/sh;
			shellScript = "\"${SRCROOT}/Pods/Target Support Files/Pods-SimpleMarket/Pods-SimpleMarket-frameworks.sh\"\n";
			showEnvVarsInLog = 0;
		};
		976F154B96163571FE96DDBD /* [CP] Check Pods Manifest.lock */ = {
			isa = PBXShellScriptBuildPhase;
			buildActionMask = 2147483647;
			files = (
			);
			inputPaths = (
			);
			name = "[CP] Check Pods Manifest.lock";
			outputPaths = (
			);
			runOnlyForDeploymentPostprocessing = 0;
			shellPath = /bin/sh;
			shellScript = "diff \"${PODS_ROOT}/../Podfile.lock\" \"${PODS_ROOT}/Manifest.lock\" > /dev/null\nif [[ $? != 0 ]] ; then\n    cat << EOM\nerror: The sandbox is not in sync with the Podfile.lock. Run 'pod install' or update your CocoaPods installation.\nEOM\n    exit 1\nfi\n";
			showEnvVarsInLog = 0;
		};
		A1954557FEE47F9402ADF02C /* [CP] Copy Pods Resources */ = {
			isa = PBXShellScriptBuildPhase;
			buildActionMask = 2147483647;
			files = (
			);
			inputPaths = (
			);
			name = "[CP] Copy Pods Resources";
			outputPaths = (
			);
			runOnlyForDeploymentPostprocessing = 0;
			shellPath = /bin/sh;
			shellScript = "\"${SRCROOT}/Pods/Target Support Files/Pods-SimpleMarket/Pods-SimpleMarket-resources.sh\"\n";
			showEnvVarsInLog = 0;
		};
/* End PBXShellScriptBuildPhase section */

/* Begin PBXSourcesBuildPhase section */
		A3FB361F1D62D26700EFB7C4 /* Sources */ = {
			isa = PBXSourcesBuildPhase;
			buildActionMask = 2147483647;
			files = (
				A3A404F91D703FA10061DDB2 /* OrderIndexCollectionViewController.swift in Sources */,
				A3555B7F1D7D5A97009709FB /* CommentAddViewController.swift in Sources */,
				A3436E601D658B9400EE1F77 /* OrderData.swift in Sources */,
				A3A404EC1D6E93DE0061DDB2 /* BuyTableViewCell.swift in Sources */,
				A3436E631D65AE9700EE1F77 /* OrderSubmitViewController.swift in Sources */,
				A32B5F7F1D62EFD300608BBF /* OrderAddViewController.swift in Sources */,
				A3A404E51D6D8F6F0061DDB2 /* OrderIndexBuyViewController.swift in Sources */,
				A3A404FB1D74300D0061DDB2 /* UserLoginViewController.swift in Sources */,
				A32B5F7C1D62E84600608BBF /* ButtonCustom.swift in Sources */,
				A3CD058F1D77C6A500E969FC /* OrderDetailViewController.swift in Sources */,
				A32B5F7A1D62E7D300608BBF /* CommonConst.swift in Sources */,
				A3FB36291D62D26700EFB7C4 /* ViewController.swift in Sources */,
				A3FB363F1D62DEDD00EFB7C4 /* OrderIndexViewController.swift in Sources */,
				A3FB36271D62D26700EFB7C4 /* AppDelegate.swift in Sources */,
				A3A404F61D7008110061DDB2 /* BuyTableViewController.swift in Sources */,
				A3FB36431D62DF9B00EFB7C4 /* AppController.swift in Sources */,
				A3CA8BC21D6BE19200397DBC /* LeftMenuViewController.swift in Sources */,
			);
			runOnlyForDeploymentPostprocessing = 0;
		};
/* End PBXSourcesBuildPhase section */

/* Begin PBXVariantGroup section */
		A3FB362A1D62D26700EFB7C4 /* Order.storyboard */ = {
			isa = PBXVariantGroup;
			children = (
				A3FB362B1D62D26700EFB7C4 /* Base */,
			);
			name = Order.storyboard;
			sourceTree = "<group>";
		};
		A3FB362F1D62D26700EFB7C4 /* LaunchScreen.storyboard */ = {
			isa = PBXVariantGroup;
			children = (
				A3FB36301D62D26700EFB7C4 /* Base */,
			);
			name = LaunchScreen.storyboard;
			sourceTree = "<group>";
		};
/* End PBXVariantGroup section */

/* Begin XCBuildConfiguration section */
		A3FB36331D62D26700EFB7C4 /* Debug */ = {
			isa = XCBuildConfiguration;
			buildSettings = {
				ALWAYS_SEARCH_USER_PATHS = NO;
				CLANG_ANALYZER_NONNULL = YES;
				CLANG_CXX_LANGUAGE_STANDARD = "gnu++0x";
				CLANG_CXX_LIBRARY = "libc++";
				CLANG_ENABLE_MODULES = YES;
				CLANG_ENABLE_OBJC_ARC = YES;
				CLANG_WARN_BOOL_CONVERSION = YES;
				CLANG_WARN_CONSTANT_CONVERSION = YES;
				CLANG_WARN_DIRECT_OBJC_ISA_USAGE = YES_ERROR;
				CLANG_WARN_EMPTY_BODY = YES;
				CLANG_WARN_ENUM_CONVERSION = YES;
				CLANG_WARN_INT_CONVERSION = YES;
				CLANG_WARN_OBJC_ROOT_CLASS = YES_ERROR;
				CLANG_WARN_UNREACHABLE_CODE = YES;
				CLANG_WARN__DUPLICATE_METHOD_MATCH = YES;
				"CODE_SIGN_IDENTITY[sdk=iphoneos*]" = "iPhone Developer";
				COPY_PHASE_STRIP = NO;
				DEBUG_INFORMATION_FORMAT = dwarf;
				ENABLE_STRICT_OBJC_MSGSEND = YES;
				ENABLE_TESTABILITY = YES;
				GCC_C_LANGUAGE_STANDARD = gnu99;
				GCC_DYNAMIC_NO_PIC = NO;
				GCC_NO_COMMON_BLOCKS = YES;
				GCC_OPTIMIZATION_LEVEL = 0;
				GCC_PREPROCESSOR_DEFINITIONS = (
					"DEBUG=1",
					"$(inherited)",
				);
				GCC_WARN_64_TO_32_BIT_CONVERSION = YES;
				GCC_WARN_ABOUT_RETURN_TYPE = YES_ERROR;
				GCC_WARN_UNDECLARED_SELECTOR = YES;
				GCC_WARN_UNINITIALIZED_AUTOS = YES_AGGRESSIVE;
				GCC_WARN_UNUSED_FUNCTION = YES;
				GCC_WARN_UNUSED_VARIABLE = YES;
				IPHONEOS_DEPLOYMENT_TARGET = 9.3;
				MTL_ENABLE_DEBUG_INFO = YES;
				ONLY_ACTIVE_ARCH = YES;
				SDKROOT = iphoneos;
				SWIFT_OPTIMIZATION_LEVEL = "-Onone";
			};
			name = Debug;
		};
		A3FB36341D62D26700EFB7C4 /* Release */ = {
			isa = XCBuildConfiguration;
			buildSettings = {
				ALWAYS_SEARCH_USER_PATHS = NO;
				CLANG_ANALYZER_NONNULL = YES;
				CLANG_CXX_LANGUAGE_STANDARD = "gnu++0x";
				CLANG_CXX_LIBRARY = "libc++";
				CLANG_ENABLE_MODULES = YES;
				CLANG_ENABLE_OBJC_ARC = YES;
				CLANG_WARN_BOOL_CONVERSION = YES;
				CLANG_WARN_CONSTANT_CONVERSION = YES;
				CLANG_WARN_DIRECT_OBJC_ISA_USAGE = YES_ERROR;
				CLANG_WARN_EMPTY_BODY = YES;
				CLANG_WARN_ENUM_CONVERSION = YES;
				CLANG_WARN_INT_CONVERSION = YES;
				CLANG_WARN_OBJC_ROOT_CLASS = YES_ERROR;
				CLANG_WARN_UNREACHABLE_CODE = YES;
				CLANG_WARN__DUPLICATE_METHOD_MATCH = YES;
				"CODE_SIGN_IDENTITY[sdk=iphoneos*]" = "iPhone Developer";
				COPY_PHASE_STRIP = NO;
				DEBUG_INFORMATION_FORMAT = "dwarf-with-dsym";
				ENABLE_NS_ASSERTIONS = NO;
				ENABLE_STRICT_OBJC_MSGSEND = YES;
				GCC_C_LANGUAGE_STANDARD = gnu99;
				GCC_NO_COMMON_BLOCKS = YES;
				GCC_WARN_64_TO_32_BIT_CONVERSION = YES;
				GCC_WARN_ABOUT_RETURN_TYPE = YES_ERROR;
				GCC_WARN_UNDECLARED_SELECTOR = YES;
				GCC_WARN_UNINITIALIZED_AUTOS = YES_AGGRESSIVE;
				GCC_WARN_UNUSED_FUNCTION = YES;
				GCC_WARN_UNUSED_VARIABLE = YES;
				IPHONEOS_DEPLOYMENT_TARGET = 9.3;
				MTL_ENABLE_DEBUG_INFO = NO;
				SDKROOT = iphoneos;
				VALIDATE_PRODUCT = YES;
			};
			name = Release;
		};
		A3FB36361D62D26700EFB7C4 /* Debug */ = {
			isa = XCBuildConfiguration;
			baseConfigurationReference = E42861653C1233EB0DBBA2FF /* Pods-SimpleMarket.debug.xcconfig */;
			buildSettings = {
				ASSETCATALOG_COMPILER_APPICON_NAME = AppIcon;
				INFOPLIST_FILE = SimpleMarket/Info.plist;
				LD_RUNPATH_SEARCH_PATHS = "$(inherited) @executable_path/Frameworks";
				PRODUCT_BUNDLE_IDENTIFIER = "jp.ark-share.app.SimpleMarket";
				PRODUCT_NAME = "$(TARGET_NAME)";
			};
			name = Debug;
		};
		A3FB36371D62D26700EFB7C4 /* Release */ = {
			isa = XCBuildConfiguration;
			baseConfigurationReference = 27C6FCB2F88DB2B75EEB7E05 /* Pods-SimpleMarket.release.xcconfig */;
			buildSettings = {
				ASSETCATALOG_COMPILER_APPICON_NAME = AppIcon;
				INFOPLIST_FILE = SimpleMarket/Info.plist;
				LD_RUNPATH_SEARCH_PATHS = "$(inherited) @executable_path/Frameworks";
				PRODUCT_BUNDLE_IDENTIFIER = "jp.ark-share.app.SimpleMarket";
				PRODUCT_NAME = "$(TARGET_NAME)";
			};
			name = Release;
		};
/* End XCBuildConfiguration section */

/* Begin XCConfigurationList section */
		A3FB361E1D62D26700EFB7C4 /* Build configuration list for PBXProject "SimpleMarket" */ = {
			isa = XCConfigurationList;
			buildConfigurations = (
				A3FB36331D62D26700EFB7C4 /* Debug */,
				A3FB36341D62D26700EFB7C4 /* Release */,
			);
			defaultConfigurationIsVisible = 0;
			defaultConfigurationName = Release;
		};
		A3FB36351D62D26700EFB7C4 /* Build configuration list for PBXNativeTarget "SimpleMarket" */ = {
			isa = XCConfigurationList;
			buildConfigurations = (
				A3FB36361D62D26700EFB7C4 /* Debug */,
				A3FB36371D62D26700EFB7C4 /* Release */,
			);
			defaultConfigurationIsVisible = 0;
			defaultConfigurationName = Release;
		};
/* End XCConfigurationList section */
	};
	rootObject = A3FB361B1D62D26700EFB7C4 /* Project object */;
}
